<?xml version="1.0" encoding="utf-8"?>
<Project ToolsVersion="4.0" xmlns="http://schemas.microsoft.com/developer/msbuild/2003">
  <ItemGroup>
    <ClCompile Include="main.cpp" />
    <ClCompile Include="Starcatalogue.cpp">
      <Filter>Source Files</Filter>
    </ClCompile>
    <ClCompile Include="Star.cpp">
      <Filter>Source Files</Filter>
    </ClCompile>
    <ClCompile Include="Astronomer.cpp">
      <Filter>Source Files</Filter>
    </ClCompile>
    <ClCompile Include="RepoAstro.cpp">
      <Filter>Source Files</Filter>
    </ClCompile>
    <ClCompile Include="RepoStars.cpp">
      <Filter>Source Files</Filter>
    </ClCompile>
    <ClCompile Include="AstroWindow.cpp">
      <Filter>Source Files</Filter>
    </ClCompile>
    <ClCompile Include="Controller.cpp">
      <Filter>Source Files</Filter>
    </ClCompile>
    <ClCompile Include="StarsModelView.cpp">
      <Filter>Source Files</Filter>
    </ClCompile>
    <ClCompile Include="OnlyMineModel.cpp">
      <Filter>Source Files</Filter>
    </ClCompile>
  </ItemGroup>
  <ItemGroup>
    <Filter Include="Resource Files">
      <UniqueIdentifier>{D9D6E242-F8AF-46E4-B9FD-80ECBC20BA3E}</UniqueIdentifier>
      <Extensions>qrc;*</Extensions>
      <ParseFiles>false</ParseFiles>
    </Filter>
    <Filter Include="Source Files">
      <UniqueIdentifier>{4FC737F1-C7A5-4376-A066-2A32D752A2FF}</UniqueIdentifier>
      <Extensions>cpp;c;cc;cxx;def;odl;idl;hpj;bat;asm;asmx</Extensions>
      <ParseFiles>true</ParseFiles>
    </Filter>
    <Filter Include="Header Files">
      <UniqueIdentifier>{93995380-89BD-4b04-88EB-625FBE52EBFB}</UniqueIdentifier>
      <Extensions>h;hh;hpp;hxx;hm;inl;inc;xsd</Extensions>
      <ParseFiles>true</ParseFiles>
    </Filter>
    <Filter Include="Form Files">
      <UniqueIdentifier>{99349809-55BA-4b9d-BF79-8FDBB0286EB3}</UniqueIdentifier>
      <Extensions>ui</Extensions>
      <ParseFiles>true</ParseFiles>
    </Filter>
  </ItemGroup>
  <ItemGroup>
    <QtMoc Include="Starcatalogue.h">
      <Filter>Header Files</Filter>
    </QtMoc>
    <QtMoc Include="AstroWindow.h">
      <Filter>Header Files</Filter>
    </QtMoc>
    <QtMoc Include="StarsModelView.h">
      <Filter>Header Files</Filter>
    </QtMoc>
    <QtMoc Include="OnlyMineModel.h">
      <Filter>Header Files</Filter>
    </QtMoc>
  </ItemGroup>
  <ItemGroup>
    <QtUic Include="Starcatalogue.ui">
      <Filter>Form Files</Filter>
    </QtUic>
    <QtUic Include="AstroWindow.ui">
      <Filter>Form Files</Filter>
    </QtUic>
  </ItemGroup>
  <ItemGroup>
    <QtRcc Include="Starcatalogue.qrc">
      <Filter>Resource Files</Filter>
    </QtRcc>
  </ItemGroup>
  <ItemGroup>
    <Text Include="astronomers.txt">
      <Filter>Resource Files</Filter>
    </Text>
    <Text Include="stars.txt">
      <Filter>Resource Files</Filter>
    </Text>
  </ItemGroup>
  <ItemGroup>
    <ClInclude Include="Star.h">
      <Filter>Header Files</Filter>
    </ClInclude>
    <ClInclude Include="Astronomer.h">
      <Filter>Header Files</Filter>
    </ClInclude>
    <ClInclude Include="RepoAstro.h">
      <Filter>Header Files</Filter>
    </ClInclude>
    <ClInclude Include="RepoStars.h">
      <Filter>Header Files</Filter>
    </ClInclude>
    <ClInclude Include="Controller.h">
      <Filter>Header Files</Filter>
    </ClInclude>
  </ItemGroup>
</Project>